
Microsoft Visual Studio Solution File, Format Version 12.00
# Visual Studio 15
VisualStudioVersion = 15.0.26730.16
MinimumVisualStudioVersion = 10.0.40219.1
Project("{FAE04EC0-301F-11D3-BF4B-00C04F79EFBC}") = "Agatha.Common", "Agatha.Common\Agatha.Common.csproj", "{53EBF9A4-A518-483A-9842-5E5FBE6495F8}"
EndProject
Project("{FAE04EC0-301F-11D3-BF4B-00C04F79EFBC}") = "Agatha.ServiceLayer", "Agatha.ServiceLayer\Agatha.ServiceLayer.csproj", "{273AA4F7-A031-46E3-A6A3-E61E82BD2377}"
EndProject
Project("{FAE04EC0-301F-11D3-BF4B-00C04F79EFBC}") = "Agatha.StructureMap", "Agatha.StructureMap\Agatha.StructureMap.csproj", "{4F975E3B-2BED-40D1-A8F5-D5FA7030CCAB}"
EndProject
Project("{2150E333-8FDC-42A3-9474-1A3956D46DE8}") = ".nuget", ".nuget", "{33F2EE48-DA42-46C1-8B93-B854FDA58BB0}"
	ProjectSection(SolutionItems) = preProject
		nuget\Agatha.Common\Agatha.Common.nuspec = nuget\Agatha.Common\Agatha.Common.nuspec
		nuget\Agatha.ServiceLayer\Agatha.ServiceLayer.nuspec = nuget\Agatha.ServiceLayer\Agatha.ServiceLayer.nuspec
		nuget\Agatha.StructureMap\Agatha.StructureMap.nuspec = nuget\Agatha.StructureMap\Agatha.StructureMap.nuspec
	EndProjectSection
EndProject
Global
	GlobalSection(SolutionConfigurationPlatforms) = preSolution
		Debug|Any CPU = Debug|Any CPU
		Release|Any CPU = Release|Any CPU
	EndGlobalSection
	GlobalSection(ProjectConfigurationPlatforms) = postSolution
		{53EBF9A4-A518-483A-9842-5E5FBE6495F8}.Debug|Any CPU.ActiveCfg = Debug|Any CPU
		{53EBF9A4-A518-483A-9842-5E5FBE6495F8}.Debug|Any CPU.Build.0 = Debug|Any CPU
		{53EBF9A4-A518-483A-9842-5E5FBE6495F8}.Release|Any CPU.ActiveCfg = Release|Any CPU
		{53EBF9A4-A518-483A-9842-5E5FBE6495F8}.Release|Any CPU.Build.0 = Release|Any CPU
		{273AA4F7-A031-46E3-A6A3-E61E82BD2377}.Debug|Any CPU.ActiveCfg = Debug|Any CPU
		{273AA4F7-A031-46E3-A6A3-E61E82BD2377}.Debug|Any CPU.Build.0 = Debug|Any CPU
		{273AA4F7-A031-46E3-A6A3-E61E82BD2377}.Release|Any CPU.ActiveCfg = Release|Any CPU
		{273AA4F7-A031-46E3-A6A3-E61E82BD2377}.Release|Any CPU.Build.0 = Release|Any CPU
		{4F975E3B-2BED-40D1-A8F5-D5FA7030CCAB}.Debug|Any CPU.ActiveCfg = Debug|Any CPU
		{4F975E3B-2BED-40D1-A8F5-D5FA7030CCAB}.Debug|Any CPU.Build.0 = Debug|Any CPU
		{4F975E3B-2BED-40D1-A8F5-D5FA7030CCAB}.Release|Any CPU.ActiveCfg = Release|Any CPU
		{4F975E3B-2BED-40D1-A8F5-D5FA7030CCAB}.Release|Any CPU.Build.0 = Release|Any CPU
	EndGlobalSection
	GlobalSection(SolutionProperties) = preSolution
		HideSolutionNode = FALSE
	EndGlobalSection
	GlobalSection(ExtensibilityGlobals) = postSolution
		SolutionGuid = {AACB2D72-C623-49CB-AE8F-FE61549D19C6}
	EndGlobalSection
EndGlobal
